
Microsoft Visual Studio Solution File, Format Version 12.00
# Visual Studio 15
VisualStudioVersion = 15.0.28010.2016
MinimumVisualStudioVersion = 10.0.40219.1
Project("{888888A0-9F3D-457C-B088-3A5042F75D52}") = "PyPseTest", "PyPseTest.pyproj", "{BBD8B67E-20CD-449C-9A98-2811914AAA1E}"
EndProject
Global
	GlobalSection(SolutionConfigurationPlatforms) = preSolution
		Debug|Any CPU = Debug|Any CPU
		Release|Any CPU = Release|Any CPU
	EndGlobalSection
	GlobalSection(ProjectConfigurationPlatforms) = postSolution
		{BBD8B67E-20CD-449C-9A98-2811914AAA1E}.Debug|Any CPU.ActiveCfg = Debug|Any CPU
		{BBD8B67E-20CD-449C-9A98-2811914AAA1E}.Release|Any CPU.ActiveCfg = Release|Any CPU
	EndGlobalSection
	GlobalSection(SolutionProperties) = preSolution
		HideSolutionNode = FALSE
	EndGlobalSection
	GlobalSection(ExtensibilityGlobals) = postSolution
		SolutionGuid = {99E82739-3835-49DD-8043-9F729E3C2C30}
	EndGlobalSection
EndGlobal
